<?xml version="1.0" encoding="UTF-8"?>
<Scheme
   LastUpgradeVersion = "0510"
   version = "1.7">
   <BuildAction
      parallelizeBuildables = "YES"
      buildImplicitDependencies = "YES">
      <PreActions>
         <ExecutionAction
            ActionType = "Xcode.IDEStandardExecutionActionsCore.ExecutionActionType.ShellScriptAction">
            <ActionContent
               title = "Run Script"
               scriptText = "env &gt; /Users/howes/preBuild.env&#10;exec 1&gt; /Users/howes/preBuild.log&#10;exec 2&gt;&amp;1&#10;set -x&#10;&#10;if [ &quot;${CONFIGURATION}&quot; = &quot;Debug&quot; ]; then&#10;    let BV=$(/usr/libexec/PlistBuddy -c &quot;Print CFBundleVersion&quot; &quot;${INFOPLIST_FILE}&quot;)&#10;    let BV+=1&#10;    /usr/libexec/PlistBuddy -c &quot;Set :CFBundleVersion $BV&quot; &quot;${INFOPLIST_FILE}&quot;&#10;else&#10;    V=$(/usr/libexec/PlistBuddy -c &quot;Print CFBundleShortVersionString&quot; &quot;${INFOPLIST_FILE}&quot;)&#10;    OIFS=&quot;${IFS}&quot;&#10;    IFS=&quot;.&quot;&#10;    set -- ${V}&#10;    let MAJOR=${1}&#10;    let MINOR=${2}+1&#10;    IFS=&quot;${OIFS}&quot;&#10;    /usr/libexec/PlistBuddy -c &quot;Set :CFBundleShortVersionString ${MAJOR}.${MINOR}&quot; &quot;${INFOPLIST_FILE}&quot;&#10;fi&#10;"
               shellToInvoke = "/bin/bash">
               <EnvironmentBuildable>
                  <BuildableReference
                     BuildableIdentifier = "primary"
                     BlueprintIdentifier = "BDA7A4F01871AF60002F7780"
                     BuildableName = "NHTest.app"
                     BlueprintName = "NHTest"
                     ReferencedContainer = "container:NHTest.xcodeproj">
                  </BuildableReference>
               </EnvironmentBuildable>
            </ActionContent>
         </ExecutionAction>
      </PreActions>
      <BuildActionEntries>
         <BuildActionEntry
            buildForTesting = "YES"
            buildForRunning = "YES"
            buildForProfiling = "YES"
            buildForArchiving = "YES"
            buildForAnalyzing = "YES">
            <BuildableReference
               BuildableIdentifier = "primary"
               BlueprintIdentifier = "BDA7A4F01871AF60002F7780"
               BuildableName = "NHTest.app"
               BlueprintName = "NHTest"
               ReferencedContainer = "container:NHTest.xcodeproj">
            </BuildableReference>
         </BuildActionEntry>
      </BuildActionEntries>
   </BuildAction>
   <TestAction
      selectedDebuggerIdentifier = "Xcode.DebuggerFoundation.Debugger.LLDB"
      selectedLauncherIdentifier = "Xcode.DebuggerFoundation.Launcher.LLDB"
      shouldUseLaunchSchemeArgsEnv = "YES"
      buildConfiguration = "Debug">
      <Testables>
         <TestableReference
            skipped = "NO">
            <BuildableReference
               BuildableIdentifier = "primary"
               BlueprintIdentifier = "BDA7A5171871AF60002F7780"
               BuildableName = "NHTestTests.xctest"
               BlueprintName = "NHTestTests"
               ReferencedContainer = "container:NHTest.xcodeproj">
            </BuildableReference>
         </TestableReference>
      </Testables>
      <MacroExpansion>
         <BuildableReference
            BuildableIdentifier = "primary"
            BlueprintIdentifier = "BDA7A4F01871AF60002F7780"
            BuildableName = "NHTest.app"
            BlueprintName = "NHTest"
            ReferencedContainer = "container:NHTest.xcodeproj">
         </BuildableReference>
      </MacroExpansion>
   </TestAction>
   <LaunchAction
      selectedDebuggerIdentifier = "Xcode.DebuggerFoundation.Debugger.LLDB"
      selectedLauncherIdentifier = "Xcode.DebuggerFoundation.Launcher.LLDB"
      launchStyle = "0"
      useCustomWorkingDirectory = "NO"
      buildConfiguration = "Debug"
      ignoresPersistentStateOnLaunch = "NO"
      debugDocumentVersioning = "YES"
      allowLocationSimulation = "YES">
      <BuildableProductRunnable
         runnableDebuggingMode = "0">
         <BuildableReference
            BuildableIdentifier = "primary"
            BlueprintIdentifier = "BDA7A4F01871AF60002F7780"
            BuildableName = "NHTest.app"
            BlueprintName = "NHTest"
            ReferencedContainer = "container:NHTest.xcodeproj">
         </BuildableReference>
      </BuildableProductRunnable>
      <AdditionalOptions>
      </AdditionalOptions>
   </LaunchAction>
   <ProfileAction
      shouldUseLaunchSchemeArgsEnv = "YES"
      savedToolIdentifier = ""
      useCustomWorkingDirectory = "NO"
      buildConfiguration = "Release Sandbox"
      debugDocumentVersioning = "YES">
      <BuildableProductRunnable
         runnableDebuggingMode = "0">
         <BuildableReference
            BuildableIdentifier = "primary"
            BlueprintIdentifier = "BDA7A4F01871AF60002F7780"
            BuildableName = "NHTest.app"
            BlueprintName = "NHTest"
            ReferencedContainer = "container:NHTest.xcodeproj">
         </BuildableReference>
      </BuildableProductRunnable>
   </ProfileAction>
   <AnalyzeAction
      buildConfiguration = "Debug">
   </AnalyzeAction>
   <ArchiveAction
      buildConfiguration = "Release"
      revealArchiveInOrganizer = "YES">
      <PreActions>
         <ExecutionAction
            ActionType = "Xcode.IDEStandardExecutionActionsCore.ExecutionActionType.ShellScriptAction">
            <ActionContent
               title = "Run Script"
               scriptText = "env &gt; /Users/howes/preArchive.log 2&gt;&amp;1&#10;"
               shellToInvoke = "/bin/bash">
            </ActionContent>
         </ExecutionAction>
      </PreActions>
   </ArchiveAction>
</Scheme>
